
Microsoft Visual Studio Solution File, Format Version 12.00
# Visual Studio Version 17
VisualStudioVersion = 17.0.31903.59
MinimumVisualStudioVersion = 10.0.40219.1
Project("{2150E333-8FDC-42A3-9474-1A3956D46DE8}") = "src", "src", "{827E0CD3-B72D-47B6-A68D-7590B98EB39B}"
EndProject
Project("{FAE04EC0-301F-11D3-BF4B-00C04F79EFBC}") = "RappyRuns.Core", "src\RappyRuns.Core\RappyRuns.Core.csproj", "{0EC3DE40-DFE2-4CEB-87F9-18B147016157}"
EndProject
Project("{FAE04EC0-301F-11D3-BF4B-00C04F79EFBC}") = "RappyRuns.App", "src\RappyRuns.App\RappyRuns.App.csproj", "{9EE18802-63C9-4B7C-B092-6CCB50A07C34}"
EndProject
Project("{2150E333-8FDC-42A3-9474-1A3956D46DE8}") = "tests", "tests", "{0AB3BF05-4346-4AA6-1389-037BE0695223}"
EndProject
Project("{FAE04EC0-301F-11D3-BF4B-00C04F79EFBC}") = "RappyRuns.Tests", "tests\RappyRuns.Tests\RappyRuns.Tests.csproj", "{8FF3EE59-0533-4E57-8B8F-FF2B7B00B2E5}"
EndProject
Project("{FAE04EC0-301F-11D3-BF4B-00C04F79EFBC}") = "RappyRuns.Win", "src\RappyRuns.Win\RappyRuns.Win.csproj", "{E43B6260-9A8E-4167-B821-7E4F38ABCDF4}"
EndProject
Project("{FAE04EC0-301F-11D3-BF4B-00C04F79EFBC}") = "RappyRuns.Host", "src\RappyRuns.Host\RappyRuns.Host.csproj", "{1C73450D-0FD4-43C6-A511-88E0C8E3974A}"
EndProject
Global
	GlobalSection(SolutionConfigurationPlatforms) = preSolution
		Debug|Any CPU = Debug|Any CPU
		Debug|x64 = Debug|x64
		Debug|x86 = Debug|x86
		Release|Any CPU = Release|Any CPU
		Release|x64 = Release|x64
		Release|x86 = Release|x86
	EndGlobalSection
	GlobalSection(ProjectConfigurationPlatforms) = postSolution
		{0EC3DE40-DFE2-4CEB-87F9-18B147016157}.Debug|Any CPU.ActiveCfg = Debug|Any CPU
		{0EC3DE40-DFE2-4CEB-87F9-18B147016157}.Debug|Any CPU.Build.0 = Debug|Any CPU
		{0EC3DE40-DFE2-4CEB-87F9-18B147016157}.Debug|x64.ActiveCfg = Debug|Any CPU
		{0EC3DE40-DFE2-4CEB-87F9-18B147016157}.Debug|x64.Build.0 = Debug|Any CPU
		{0EC3DE40-DFE2-4CEB-87F9-18B147016157}.Debug|x86.ActiveCfg = Debug|Any CPU
		{0EC3DE40-DFE2-4CEB-87F9-18B147016157}.Debug|x86.Build.0 = Debug|Any CPU
		{0EC3DE40-DFE2-4CEB-87F9-18B147016157}.Release|Any CPU.ActiveCfg = Release|Any CPU
		{0EC3DE40-DFE2-4CEB-87F9-18B147016157}.Release|Any CPU.Build.0 = Release|Any CPU
		{0EC3DE40-DFE2-4CEB-87F9-18B147016157}.Release|x64.ActiveCfg = Release|Any CPU
		{0EC3DE40-DFE2-4CEB-87F9-18B147016157}.Release|x64.Build.0 = Release|Any CPU
		{0EC3DE40-DFE2-4CEB-87F9-18B147016157}.Release|x86.ActiveCfg = Release|Any CPU
		{0EC3DE40-DFE2-4CEB-87F9-18B147016157}.Release|x86.Build.0 = Release|Any CPU
		{9EE18802-63C9-4B7C-B092-6CCB50A07C34}.Debug|Any CPU.ActiveCfg = Debug|Any CPU
		{9EE18802-63C9-4B7C-B092-6CCB50A07C34}.Debug|Any CPU.Build.0 = Debug|Any CPU
		{9EE18802-63C9-4B7C-B092-6CCB50A07C34}.Debug|x64.ActiveCfg = Debug|Any CPU
		{9EE18802-63C9-4B7C-B092-6CCB50A07C34}.Debug|x64.Build.0 = Debug|Any CPU
		{9EE18802-63C9-4B7C-B092-6CCB50A07C34}.Debug|x86.ActiveCfg = Debug|Any CPU
		{9EE18802-63C9-4B7C-B092-6CCB50A07C34}.Debug|x86.Build.0 = Debug|Any CPU
		{9EE18802-63C9-4B7C-B092-6CCB50A07C34}.Release|Any CPU.ActiveCfg = Release|Any CPU
		{9EE18802-63C9-4B7C-B092-6CCB50A07C34}.Release|Any CPU.Build.0 = Release|Any CPU
		{9EE18802-63C9-4B7C-B092-6CCB50A07C34}.Release|x64.ActiveCfg = Release|Any CPU
		{9EE18802-63C9-4B7C-B092-6CCB50A07C34}.Release|x64.Build.0 = Release|Any CPU
		{9EE18802-63C9-4B7C-B092-6CCB50A07C34}.Release|x86.ActiveCfg = Release|Any CPU
		{9EE18802-63C9-4B7C-B092-6CCB50A07C34}.Release|x86.Build.0 = Release|Any CPU
		{8FF3EE59-0533-4E57-8B8F-FF2B7B00B2E5}.Debug|Any CPU.ActiveCfg = Debug|Any CPU
		{8FF3EE59-0533-4E57-8B8F-FF2B7B00B2E5}.Debug|Any CPU.Build.0 = Debug|Any CPU
		{8FF3EE59-0533-4E57-8B8F-FF2B7B00B2E5}.Debug|x64.ActiveCfg = Debug|Any CPU
		{8FF3EE59-0533-4E57-8B8F-FF2B7B00B2E5}.Debug|x64.Build.0 = Debug|Any CPU
		{8FF3EE59-0533-4E57-8B8F-FF2B7B00B2E5}.Debug|x86.ActiveCfg = Debug|Any CPU
		{8FF3EE59-0533-4E57-8B8F-FF2B7B00B2E5}.Debug|x86.Build.0 = Debug|Any CPU
		{8FF3EE59-0533-4E57-8B8F-FF2B7B00B2E5}.Release|Any CPU.ActiveCfg = Release|Any CPU
		{8FF3EE59-0533-4E57-8B8F-FF2B7B00B2E5}.Release|Any CPU.Build.0 = Release|Any CPU
		{8FF3EE59-0533-4E57-8B8F-FF2B7B00B2E5}.Release|x64.ActiveCfg = Release|Any CPU
		{8FF3EE59-0533-4E57-8B8F-FF2B7B00B2E5}.Release|x64.Build.0 = Release|Any CPU
		{8FF3EE59-0533-4E57-8B8F-FF2B7B00B2E5}.Release|x86.ActiveCfg = Release|Any CPU
		{8FF3EE59-0533-4E57-8B8F-FF2B7B00B2E5}.Release|x86.Build.0 = Release|Any CPU
		{E43B6260-9A8E-4167-B821-7E4F38ABCDF4}.Debug|Any CPU.ActiveCfg = Debug|Any CPU
		{E43B6260-9A8E-4167-B821-7E4F38ABCDF4}.Debug|Any CPU.Build.0 = Debug|Any CPU
		{E43B6260-9A8E-4167-B821-7E4F38ABCDF4}.Debug|x64.ActiveCfg = Debug|Any CPU
		{E43B6260-9A8E-4167-B821-7E4F38ABCDF4}.Debug|x64.Build.0 = Debug|Any CPU
		{E43B6260-9A8E-4167-B821-7E4F38ABCDF4}.Debug|x86.ActiveCfg = Debug|Any CPU
		{E43B6260-9A8E-4167-B821-7E4F38ABCDF4}.Debug|x86.Build.0 = Debug|Any CPU
		{E43B6260-9A8E-4167-B821-7E4F38ABCDF4}.Release|Any CPU.ActiveCfg = Release|Any CPU
		{E43B6260-9A8E-4167-B821-7E4F38ABCDF4}.Release|Any CPU.Build.0 = Release|Any CPU
		{E43B6260-9A8E-4167-B821-7E4F38ABCDF4}.Release|x64.ActiveCfg = Release|Any CPU
		{E43B6260-9A8E-4167-B821-7E4F38ABCDF4}.Release|x64.Build.0 = Release|Any CPU
		{E43B6260-9A8E-4167-B821-7E4F38ABCDF4}.Release|x86.ActiveCfg = Release|Any CPU
		{E43B6260-9A8E-4167-B821-7E4F38ABCDF4}.Release|x86.Build.0 = Release|Any CPU
		{1C73450D-0FD4-43C6-A511-88E0C8E3974A}.Debug|Any CPU.ActiveCfg = Debug|Any CPU
		{1C73450D-0FD4-43C6-A511-88E0C8E3974A}.Debug|Any CPU.Build.0 = Debug|Any CPU
		{1C73450D-0FD4-43C6-A511-88E0C8E3974A}.Debug|x64.ActiveCfg = Debug|Any CPU
		{1C73450D-0FD4-43C6-A511-88E0C8E3974A}.Debug|x64.Build.0 = Debug|Any CPU
		{1C73450D-0FD4-43C6-A511-88E0C8E3974A}.Debug|x86.ActiveCfg = Debug|Any CPU
		{1C73450D-0FD4-43C6-A511-88E0C8E3974A}.Debug|x86.Build.0 = Debug|Any CPU
		{1C73450D-0FD4-43C6-A511-88E0C8E3974A}.Release|Any CPU.ActiveCfg = Release|Any CPU
		{1C73450D-0FD4-43C6-A511-88E0C8E3974A}.Release|Any CPU.Build.0 = Release|Any CPU
		{1C73450D-0FD4-43C6-A511-88E0C8E3974A}.Release|x64.ActiveCfg = Release|Any CPU
		{1C73450D-0FD4-43C6-A511-88E0C8E3974A}.Release|x64.Build.0 = Release|Any CPU
		{1C73450D-0FD4-43C6-A511-88E0C8E3974A}.Release|x86.ActiveCfg = Release|Any CPU
		{1C73450D-0FD4-43C6-A511-88E0C8E3974A}.Release|x86.Build.0 = Release|Any CPU
	EndGlobalSection
	GlobalSection(SolutionProperties) = preSolution
		HideSolutionNode = FALSE
	EndGlobalSection
	GlobalSection(NestedProjects) = preSolution
		{0EC3DE40-DFE2-4CEB-87F9-18B147016157} = {827E0CD3-B72D-47B6-A68D-7590B98EB39B}
		{9EE18802-63C9-4B7C-B092-6CCB50A07C34} = {827E0CD3-B72D-47B6-A68D-7590B98EB39B}
		{8FF3EE59-0533-4E57-8B8F-FF2B7B00B2E5} = {0AB3BF05-4346-4AA6-1389-037BE0695223}
		{E43B6260-9A8E-4167-B821-7E4F38ABCDF4} = {827E0CD3-B72D-47B6-A68D-7590B98EB39B}
		{1C73450D-0FD4-43C6-A511-88E0C8E3974A} = {827E0CD3-B72D-47B6-A68D-7590B98EB39B}
	EndGlobalSection
EndGlobal
